{
  "name": "@eagle-eye/viz",
  "version": "1.0.0",
  "lockfileVersion": 1,
  "requires": true,
  "dependencies": {
    "@babel/runtime": {
      "version": "7.6.2",
      "resolved": "https://registry.npmjs.org/@babel/runtime/-/runtime-7.6.2.tgz",
      "integrity": "sha512-EXxN64agfUqqIGeEjI5dL5z0Sw0ZwWo1mLTi4mQowCZ42O59b7DRpZAnTC6OqdF28wMBMFKNb/4uFGrVaigSpg==",
      "requires": {
        "regenerator-runtime": "^0.13.2"
      }
    },
    "@emotion/is-prop-valid": {
      "version": "0.8.3",
      "resolved": "https://registry.npmjs.org/@emotion/is-prop-valid/-/is-prop-valid-0.8.3.tgz",
      "integrity": "sha512-We7VBiltAJ70KQA0dWkdPMXnYoizlxOXpvtjmu5/MBnExd+u0PGgV27WCYanmLAbCwAU30Le/xA0CQs/F/Otig==",
      "optional": true,
      "requires": {
        "@emotion/memoize": "0.7.3"
      }
    },
    "@emotion/memoize": {
      "version": "0.7.3",
      "resolved": "https://registry.npmjs.org/@emotion/memoize/-/memoize-0.7.3.tgz",
      "integrity": "sha512-2Md9mH6mvo+ygq1trTeVp2uzAKwE2P7In0cRpD/M9Q70aH8L+rxMLbb3JCN2JoSWsV2O+DdFjfbbXoMoLBczow==",
      "optional": true
    },
    "@popmotion/easing": {
      "version": "1.0.2",
      "resolved": "https://registry.npmjs.org/@popmotion/easing/-/easing-1.0.2.tgz",
      "integrity": "sha512-IkdW0TNmRnWTeWI7aGQIVDbKXPWHVEYdGgd5ZR4SH/Ty/61p63jCjrPxX1XrR7IGkl08bjhJROStD7j+RKgoIw=="
    },
    "@popmotion/popcorn": {
      "version": "0.4.2",
      "resolved": "https://registry.npmjs.org/@popmotion/popcorn/-/popcorn-0.4.2.tgz",
      "integrity": "sha512-wu0tEwK3KUZ9BoqfcqC3DfdfRDws/oHXwZKJMVtuhXSrF/PtqvilsPjAk93nh8M+orAnbe8ZyxQmop9+4oJs2g==",
      "requires": {
        "@popmotion/easing": "^1.0.1",
        "framesync": "^4.0.1",
        "hey-listen": "^1.0.8",
        "style-value-types": "^3.1.6"
      }
    },
    "agent-base": {
      "version": "4.3.0",
      "resolved": "https://registry.npmjs.org/agent-base/-/agent-base-4.3.0.tgz",
      "integrity": "sha512-salcGninV0nPrwpGNn4VTXBb1SOuXQBiqbrNXoeizJsHrsL6ERFM2Ne3JUSBWRE6aeNJI2ROP/WEEIDUiDe3cg==",
      "requires": {
        "es6-promisify": "^5.0.0"
      }
    },
    "async-limiter": {
      "version": "1.0.1",
      "resolved": "https://registry.npmjs.org/async-limiter/-/async-limiter-1.0.1.tgz",
      "integrity": "sha512-csOlWGAcRFJaI6m+F2WKdnMKr4HhdhFVBk0H/QbJFMCr+uO2kwohwXQPxw/9OCxp05r5ghVBFSyioixx3gfkNQ=="
    },
    "balanced-match": {
      "version": "1.0.0",
      "resolved": "https://registry.npmjs.org/balanced-match/-/balanced-match-1.0.0.tgz",
      "integrity": "sha1-ibTRmasr7kneFk6gK4nORi1xt2c="
    },
    "batch-processor": {
      "version": "1.0.0",
      "resolved": "https://registry.npmjs.org/batch-processor/-/batch-processor-1.0.0.tgz",
      "integrity": "sha1-dclcMrdI4IUNEMKxaPa9vpiRrOg="
    },
    "big-integer": {
      "version": "1.6.45",
      "resolved": "https://registry.npmjs.org/big-integer/-/big-integer-1.6.45.tgz",
      "integrity": "sha512-nmb9E7oEtVJ7SmSCH/DeJobXyuRmaofkpoQSimMFu3HKJ5MADtM825SPLhDuWhZ6TElLAQtgJbQmBZuHIRlZoA=="
    },
    "brace-expansion": {
      "version": "1.1.11",
      "resolved": "https://registry.npmjs.org/brace-expansion/-/brace-expansion-1.1.11.tgz",
      "integrity": "sha512-iCuPHDFgrHX7H2vEI/5xpz07zSHB00TpugqhmYtVmMO6518mCuRMoOYFldEBl0g187ufozdaHgWKcYFb61qGiA==",
      "requires": {
        "balanced-match": "^1.0.0",
        "concat-map": "0.0.1"
      }
    },
    "buffer-from": {
      "version": "1.1.1",
      "resolved": "https://registry.npmjs.org/buffer-from/-/buffer-from-1.1.1.tgz",
      "integrity": "sha512-MQcXEUbCKtEo7bhqEs6560Hyd4XaovZlO/k9V3hjVUF/zwW7KBVdSK4gIt/bzwS9MbR5qob+F5jusZsb0YQK2A=="
    },
    "calculate-size": {
      "version": "1.1.1",
      "resolved": "https://registry.npmjs.org/calculate-size/-/calculate-size-1.1.1.tgz",
      "integrity": "sha1-rnyqHHeV+CxPA13HvicONYHa4+4="
    },
    "chroma-js": {
      "version": "2.0.6",
      "resolved": "https://registry.npmjs.org/chroma-js/-/chroma-js-2.0.6.tgz",
      "integrity": "sha512-IiiClbBRkRwuXNl6impq5ssEhUGpmWvc5zzImZbDUWLWcFbj6ZbtsdZEx6sIXMKes7azgYaUpnmsY1T8BL6PqQ=="
    },
    "classnames": {
      "version": "2.2.6",
      "resolved": "https://registry.npmjs.org/classnames/-/classnames-2.2.6.tgz",
      "integrity": "sha512-JR/iSQOSt+LQIWwrwEzJ9uk0xfN3mTVYMwt1Ir5mUcSN6pU+V4zQFFaJsclJbPuAUQH+yfWef6tm7l1quW3C8Q=="
    },
    "commander": {
      "version": "2.20.0",
      "resolved": "https://registry.npmjs.org/commander/-/commander-2.20.0.tgz",
      "integrity": "sha512-7j2y+40w61zy6YC2iRNpUe/NwhNyoXrYpHMrSunaMG64nRnaf96zO/KMQR4OyN/UnE5KLyEBnKHd4aG3rskjpQ=="
    },
    "concat-map": {
      "version": "0.0.1",
      "resolved": "https://registry.npmjs.org/concat-map/-/concat-map-0.0.1.tgz",
      "integrity": "sha1-2Klr13/Wjfd5OnMDajug1UBdR3s="
    },
    "concat-stream": {
      "version": "1.6.2",
      "resolved": "https://registry.npmjs.org/concat-stream/-/concat-stream-1.6.2.tgz",
      "integrity": "sha512-27HBghJxjiZtIk3Ycvn/4kbJk/1uZuJFfuPEns6LaEvpvG1f0hTea8lilrouyo9mVc2GWdcEZ8OLoGmSADlrCw==",
      "requires": {
        "buffer-from": "^1.0.0",
        "inherits": "^2.0.3",
        "readable-stream": "^2.2.2",
        "typedarray": "^0.0.6"
      }
    },
    "core-util-is": {
      "version": "1.0.2",
      "resolved": "https://registry.npmjs.org/core-util-is/-/core-util-is-1.0.2.tgz",
      "integrity": "sha1-tf1UIgqivFq1eqtxQMlAdUUDwac="
    },
    "countup.js": {
      "version": "1.9.3",
      "resolved": "https://registry.npmjs.org/countup.js/-/countup.js-1.9.3.tgz",
      "integrity": "sha1-zj5QzXFgRB5HjwfaMYle3MDxyd0="
    },
    "csstype": {
      "version": "2.6.6",
      "resolved": "https://registry.npmjs.org/csstype/-/csstype-2.6.6.tgz",
      "integrity": "sha512-RpFbQGUE74iyPgvr46U9t1xoQBM8T4BL8SxrN66Le2xYAPSaDJJKeztV3awugusb3g3G9iL8StmkBBXhcbbXhg=="
    },
    "d3-array": {
      "version": "2.3.1",
      "resolved": "https://registry.npmjs.org/d3-array/-/d3-array-2.3.1.tgz",
      "integrity": "sha512-YlOh8kwqIz0pDECEdCeqVNelaLQXznD0g6yidhhklMgKxKqbNDrYfoudLMkk9THlqvFll+pXMmXYAyN49yWsmg=="
    },
    "d3-color": {
      "version": "1.3.0",
      "resolved": "https://registry.npmjs.org/d3-color/-/d3-color-1.3.0.tgz",
      "integrity": "sha512-NHODMBlj59xPAwl2BDiO2Mog6V+PrGRtBfWKqKRrs9MCqlSkIEb0Z/SfY7jW29ReHTDC/j+vwXhnZcXI3+3fbg=="
    },
    "d3-format": {
      "version": "1.4.1",
      "resolved": "https://registry.npmjs.org/d3-format/-/d3-format-1.4.1.tgz",
      "integrity": "sha512-TUswGe6hfguUX1CtKxyG2nymO+1lyThbkS1ifLX0Sr+dOQtAD5gkrffpHnx+yHNKUZ0Bmg5T4AjUQwugPDrm0g=="
    },
    "d3-geo": {
      "version": "1.11.6",
      "resolved": "https://registry.npmjs.org/d3-geo/-/d3-geo-1.11.6.tgz",
      "integrity": "sha512-z0J8InXR9e9wcgNtmVnPTj0TU8nhYT6lD/ak9may2PdKqXIeHUr8UbFLoCtrPYNsjv6YaLvSDQVl578k6nm7GA==",
      "requires": {
        "d3-array": "1"
      },
      "dependencies": {
        "d3-array": {
          "version": "1.2.4",
          "resolved": "https://registry.npmjs.org/d3-array/-/d3-array-1.2.4.tgz",
          "integrity": "sha512-KHW6M86R+FUPYGb3R5XiYjXPq7VzwxZ22buHhAEVG5ztoEcZZMLov530mmccaqA1GghZArjQV46fuc8kUqhhHw=="
        }
      }
    },
    "d3-interpolate": {
      "version": "1.3.2",
      "resolved": "https://registry.npmjs.org/d3-interpolate/-/d3-interpolate-1.3.2.tgz",
      "integrity": "sha512-NlNKGopqaz9qM1PXh9gBF1KSCVh+jSFErrSlD/4hybwoNX/gt1d8CDbDW+3i+5UOHhjC6s6nMvRxcuoMVNgL2w==",
      "requires": {
        "d3-color": "1"
      }
    },
    "d3-path": {
      "version": "1.0.8",
      "resolved": "https://registry.npmjs.org/d3-path/-/d3-path-1.0.8.tgz",
      "integrity": "sha512-J6EfUNwcMQ+aM5YPOB8ZbgAZu6wc82f/0WFxrxwV6Ll8wBwLaHLKCqQ5Imub02JriCVVdPjgI+6P3a4EWJCxAg=="
    },
    "d3-sankey": {
      "version": "0.12.3",
      "resolved": "https://registry.npmjs.org/d3-sankey/-/d3-sankey-0.12.3.tgz",
      "integrity": "sha512-nQhsBRmM19Ax5xEIPLMY9ZmJ/cDvd1BG3UVvt5h3WRxKg5zGRbvnteTyWAbzeSvlh3tW7ZEmq4VwR5mB3tutmQ==",
      "requires": {
        "d3-array": "1 - 2",
        "d3-shape": "^1.2.0"
      }
    },
    "d3-scale": {
      "version": "3.1.0",
      "resolved": "https://registry.npmjs.org/d3-scale/-/d3-scale-3.1.0.tgz",
      "integrity": "sha512-3edyEBwbwQG400VbgaepQC9ZYFX3h92flLHIUa1+nvZp/mqCYdxNM9zGTjKtPcSAuBCyPePdMQOapsD0qNALrg==",
      "requires": {
        "d3-array": "1.2.0 - 2",
        "d3-format": "1",
        "d3-interpolate": "1",
        "d3-time": "1",
        "d3-time-format": "2"
      }
    },
    "d3-shape": {
      "version": "1.3.5",
      "resolved": "https://registry.npmjs.org/d3-shape/-/d3-shape-1.3.5.tgz",
      "integrity": "sha512-VKazVR3phgD+MUCldapHD7P9kcrvPcexeX/PkMJmkUov4JM8IxsSg1DvbYoYich9AtdTsa5nNk2++ImPiDiSxg==",
      "requires": {
        "d3-path": "1"
      }
    },
    "d3-time": {
      "version": "1.0.11",
      "resolved": "https://registry.npmjs.org/d3-time/-/d3-time-1.0.11.tgz",
      "integrity": "sha512-Z3wpvhPLW4vEScGeIMUckDW7+3hWKOQfAWg/U7PlWBnQmeKQ00gCUsTtWSYulrKNA7ta8hJ+xXc6MHrMuITwEw=="
    },
    "d3-time-format": {
      "version": "2.1.3",
      "resolved": "https://registry.npmjs.org/d3-time-format/-/d3-time-format-2.1.3.tgz",
      "integrity": "sha512-6k0a2rZryzGm5Ihx+aFMuO1GgelgIz+7HhB4PH4OEndD5q2zGn1mDfRdNrulspOfR6JXkb2sThhDK41CSK85QA==",
      "requires": {
        "d3-time": "1"
      }
    },
    "debug": {
      "version": "2.6.9",
      "resolved": "https://registry.npmjs.org/debug/-/debug-2.6.9.tgz",
      "integrity": "sha512-bC7ElrdJaJnPbAP+1EotYvqZsb3ecl5wi6Bfi6BJTUcNowp6cvspg0jXznRTKDjm/E7AdgFBVeAPVMNcKGsHMA==",
      "requires": {
        "ms": "2.0.0"
      }
    },
    "define-properties": {
      "version": "1.1.3",
      "resolved": "https://registry.npmjs.org/define-properties/-/define-properties-1.1.3.tgz",
      "integrity": "sha512-3MqfYKj2lLzdMSf8ZIZE/V+Zuy+BgD6f164e8K2w7dgnpKArBDerGYpM46IYYcjnkdPNMjPk9A6VFB8+3SKlXQ==",
      "requires": {
        "object-keys": "^1.0.12"
      }
    },
    "dom-helpers": {
      "version": "5.1.0",
      "resolved": "https://registry.npmjs.org/dom-helpers/-/dom-helpers-5.1.0.tgz",
      "integrity": "sha512-zRRYDhpiKuAJHasOqCm7lBnsd22nrM4+OYI4ASWCxen+ocTMl7BIAKgGag97TlLiTl6rrau5aPe1VGUm9jQBng==",
      "requires": {
        "@babel/runtime": "^7.5.5",
        "csstype": "^2.6.6"
      }
    },
    "element-resize-detector": {
      "version": "1.1.15",
      "resolved": "https://registry.npmjs.org/element-resize-detector/-/element-resize-detector-1.1.15.tgz",
      "integrity": "sha512-16/5avDegXlUxytGgaumhjyQoM6hpp5j3+L79sYq5hlXfTNRy5WMMuTVWkZU3egp/CokCmTmvf18P3KeB57Iog==",
      "requires": {
        "batch-processor": "^1.0.0"
      }
    },
    "ellipsize": {
      "version": "0.1.0",
      "resolved": "https://registry.npmjs.org/ellipsize/-/ellipsize-0.1.0.tgz",
      "integrity": "sha1-nUNoLUS5GtFuvYQmisEDFwplU/g="
    },
    "es-abstract": {
      "version": "1.14.2",
      "resolved": "https://registry.npmjs.org/es-abstract/-/es-abstract-1.14.2.tgz",
      "integrity": "sha512-DgoQmbpFNOofkjJtKwr87Ma5EW4Dc8fWhD0R+ndq7Oc456ivUfGOOP6oAZTTKl5/CcNMP+EN+e3/iUzgE0veZg==",
      "requires": {
        "es-to-primitive": "^1.2.0",
        "function-bind": "^1.1.1",
        "has": "^1.0.3",
        "has-symbols": "^1.0.0",
        "is-callable": "^1.1.4",
        "is-regex": "^1.0.4",
        "object-inspect": "^1.6.0",
        "object-keys": "^1.1.1",
        "string.prototype.trimleft": "^2.0.0",
        "string.prototype.trimright": "^2.0.0"
      }
    },
    "es-to-primitive": {
      "version": "1.2.0",
      "resolved": "https://registry.npmjs.org/es-to-primitive/-/es-to-primitive-1.2.0.tgz",
      "integrity": "sha512-qZryBOJjV//LaxLTV6UC//WewneB3LcXOL9NP++ozKVXsIIIpm/2c13UDiD9Jp2eThsecw9m3jPqDwTyobcdbg==",
      "requires": {
        "is-callable": "^1.1.4",
        "is-date-object": "^1.0.1",
        "is-symbol": "^1.0.2"
      }
    },
    "es6-promise": {
      "version": "4.2.8",
      "resolved": "https://registry.npmjs.org/es6-promise/-/es6-promise-4.2.8.tgz",
      "integrity": "sha512-HJDGx5daxeIvxdBxvG2cb9g4tEvwIk3i8+nhX0yGrYmZUzbkdg8QbDevheDB8gd0//uPj4c1EQua8Q+MViT0/w=="
    },
    "es6-promisify": {
      "version": "5.0.0",
      "resolved": "https://registry.npmjs.org/es6-promisify/-/es6-promisify-5.0.0.tgz",
      "integrity": "sha1-UQnWLz5W6pZ8S2NQWu8IKRyKUgM=",
      "requires": {
        "es6-promise": "^4.0.3"
      }
    },
    "exenv": {
      "version": "1.2.2",
      "resolved": "https://registry.npmjs.org/exenv/-/exenv-1.2.2.tgz",
      "integrity": "sha1-KueOhdmJQVhnCwPUe+wfA72Ru50="
    },
    "extract-zip": {
      "version": "1.6.7",
      "resolved": "https://registry.npmjs.org/extract-zip/-/extract-zip-1.6.7.tgz",
      "integrity": "sha1-qEC0uK9kAyZMjbV/Txp0Mz74H+k=",
      "requires": {
        "concat-stream": "1.6.2",
        "debug": "2.6.9",
        "mkdirp": "0.5.1",
        "yauzl": "2.4.1"
      }
    },
    "fd-slicer": {
      "version": "1.0.1",
      "resolved": "https://registry.npmjs.org/fd-slicer/-/fd-slicer-1.0.1.tgz",
      "integrity": "sha1-i1vL2ewyfFBBv5qwI/1nUPEXfmU=",
      "requires": {
        "pend": "~1.2.0"
      }
    },
    "framer-motion": {
      "version": "1.6.7",
      "resolved": "https://registry.npmjs.org/framer-motion/-/framer-motion-1.6.7.tgz",
      "integrity": "sha512-1tAqvyf70jj1b7ue86iDYEQ5ShwH4Ge6y+slAmkGrxPn9y+BgdZDP3pG10Gs6GgpNalNglKH9hRb8Uw75SwHog==",
      "requires": {
        "@emotion/is-prop-valid": "^0.8.2",
        "@popmotion/easing": "^1.0.2",
        "@popmotion/popcorn": "^0.4.2",
        "framesync": "^4.0.4",
        "hey-listen": "^1.0.8",
        "popmotion": "9.0.0-beta-8",
        "style-value-types": "^3.1.6",
        "stylefire": "^6.0.10",
        "tslib": "^1.10.0"
      }
    },
    "framesync": {
      "version": "4.0.4",
      "resolved": "https://registry.npmjs.org/framesync/-/framesync-4.0.4.tgz",
      "integrity": "sha512-mdP0WvVHe0/qA62KG2LFUAOiWLng5GLpscRlwzBxu2VXOp6B8hNs5C5XlFigsMgrfDrr2YbqTsgdWZTc4RXRMQ==",
      "requires": {
        "hey-listen": "^1.0.8",
        "tslib": "^1.10.0"
      }
    },
    "fs.realpath": {
      "version": "1.0.0",
      "resolved": "https://registry.npmjs.org/fs.realpath/-/fs.realpath-1.0.0.tgz",
      "integrity": "sha1-FQStJSMVjKpA20onh8sBQRmU6k8="
    },
    "function-bind": {
      "version": "1.1.1",
      "resolved": "https://registry.npmjs.org/function-bind/-/function-bind-1.1.1.tgz",
      "integrity": "sha512-yIovAzMX49sF8Yl58fSCWJ5svSLuaibPxXQJFLmBObTuCr0Mf1KiPopGM9NiFjiYBCbfaa2Fh6breQ6ANVTI0A=="
    },
    "glob": {
      "version": "7.1.4",
      "resolved": "https://registry.npmjs.org/glob/-/glob-7.1.4.tgz",
      "integrity": "sha512-hkLPepehmnKk41pUGm3sYxoFs/umurYfYJCerbXEyFIWcAzvpipAgVkBqqT9RBKMGjnq6kMuyYwha6csxbiM1A==",
      "requires": {
        "fs.realpath": "^1.0.0",
        "inflight": "^1.0.4",
        "inherits": "2",
        "minimatch": "^3.0.4",
        "once": "^1.3.0",
        "path-is-absolute": "^1.0.0"
      }
    },
    "has": {
      "version": "1.0.3",
      "resolved": "https://registry.npmjs.org/has/-/has-1.0.3.tgz",
      "integrity": "sha512-f2dvO0VU6Oej7RkWJGrehjbzMAjFp5/VKPp5tTpWIV4JHHZK1/BxbFRtf/siA2SWTe09caDmVtYYzWEIbBS4zw==",
      "requires": {
        "function-bind": "^1.1.1"
      }
    },
    "has-symbols": {
      "version": "1.0.0",
      "resolved": "https://registry.npmjs.org/has-symbols/-/has-symbols-1.0.0.tgz",
      "integrity": "sha1-uhqPGvKg/DllD1yFA2dwQSIGO0Q="
    },
    "hey-listen": {
      "version": "1.0.8",
      "resolved": "https://registry.npmjs.org/hey-listen/-/hey-listen-1.0.8.tgz",
      "integrity": "sha512-COpmrF2NOg4TBWUJ5UVyaCU2A88wEMkUPK4hNqyCkqHbxT92BbvfjoSozkAIIm6XhicGlJHhFdullInrdhwU8Q=="
    },
    "https-proxy-agent": {
      "version": "2.2.2",
      "resolved": "https://registry.npmjs.org/https-proxy-agent/-/https-proxy-agent-2.2.2.tgz",
      "integrity": "sha512-c8Ndjc9Bkpfx/vCJueCPy0jlP4ccCCSNDp8xwCZzPjKJUm+B+u9WX2x98Qx4n1PiMNTWo3D7KK5ifNV/yJyRzg==",
      "requires": {
        "agent-base": "^4.3.0",
        "debug": "^3.1.0"
      },
      "dependencies": {
        "debug": {
          "version": "3.2.6",
          "resolved": "https://registry.npmjs.org/debug/-/debug-3.2.6.tgz",
          "integrity": "sha512-mel+jf7nrtEl5Pn1Qx46zARXKDpBbvzezse7p7LqINmdoIk8PYP5SySaxEmYv6TZ0JyEKA1hsCId6DIhgITtWQ==",
          "requires": {
            "ms": "^2.1.1"
          }
        },
        "ms": {
          "version": "2.1.2",
          "resolved": "https://registry.npmjs.org/ms/-/ms-2.1.2.tgz",
          "integrity": "sha512-sGkPx+VjMtmA6MX27oA4FBFELFCZZ4S4XqeGOXCv68tT+jb3vk/RyaKWP0PTKyWtmLSM0b+adUTEvbs1PEaH2w=="
        }
      }
    },
    "human-format": {
      "version": "0.10.1",
      "resolved": "https://registry.npmjs.org/human-format/-/human-format-0.10.1.tgz",
      "integrity": "sha512-UzCHToSw3HI9MxH9tYzMr1JbHJbgzr6o0hZCun7sruv59S1leps21bmgpBkkwEvQon5n/2OWKH1iU7BEko02cg=="
    },
    "inflight": {
      "version": "1.0.6",
      "resolved": "https://registry.npmjs.org/inflight/-/inflight-1.0.6.tgz",
      "integrity": "sha1-Sb1jMdfQLQwJvJEKEHW6gWW1bfk=",
      "requires": {
        "once": "^1.3.0",
        "wrappy": "1"
      }
    },
    "inherits": {
      "version": "2.0.4",
      "resolved": "https://registry.npmjs.org/inherits/-/inherits-2.0.4.tgz",
      "integrity": "sha512-k/vGaX4/Yla3WzyMCvTQOXYeIHvqOKtnqBduzTHpzpQZzAskKMhZ2K+EnBiSM9zGSoIFeMpXKxa4dYeZIQqewQ=="
    },
    "invariant": {
      "version": "2.2.4",
      "resolved": "https://registry.npmjs.org/invariant/-/invariant-2.2.4.tgz",
      "integrity": "sha512-phJfQVBuaJM5raOpJjSfkiD6BpbCE4Ns//LaXl6wGYtUBY83nWS6Rf9tXm2e8VaK60JEjYldbPif/A2B1C2gNA==",
      "requires": {
        "loose-envify": "^1.0.0"
      }
    },
    "is-arrow-function": {
      "version": "2.0.3",
      "resolved": "https://registry.npmjs.org/is-arrow-function/-/is-arrow-function-2.0.3.tgz",
      "integrity": "sha1-Kb4sLY2UUIUri7r7Y1unuNjofsI=",
      "requires": {
        "is-callable": "^1.0.4"
      }
    },
    "is-boolean-object": {
      "version": "1.0.0",
      "resolved": "https://registry.npmjs.org/is-boolean-object/-/is-boolean-object-1.0.0.tgz",
      "integrity": "sha1-mPiygDBoQhmpXzdc+9iM40Bd/5M="
    },
    "is-callable": {
      "version": "1.1.4",
      "resolved": "https://registry.npmjs.org/is-callable/-/is-callable-1.1.4.tgz",
      "integrity": "sha512-r5p9sxJjYnArLjObpjA4xu5EKI3CuKHkJXMhT7kwbpUyIFD1n5PMAsoPvWnvtZiNz7LjkYDRZhd7FlI0eMijEA=="
    },
    "is-date-object": {
      "version": "1.0.1",
      "resolved": "https://registry.npmjs.org/is-date-object/-/is-date-object-1.0.1.tgz",
      "integrity": "sha1-mqIOtq7rv/d/vTPnTKAbM1gdOhY="
    },
    "is-equal": {
      "version": "1.5.5",
      "resolved": "https://registry.npmjs.org/is-equal/-/is-equal-1.5.5.tgz",
      "integrity": "sha1-XoXxlX4FKIMkf+s4aWWju6Ffuz0=",
      "requires": {
        "has": "^1.0.1",
        "is-arrow-function": "^2.0.3",
        "is-boolean-object": "^1.0.0",
        "is-callable": "^1.1.3",
        "is-date-object": "^1.0.1",
        "is-generator-function": "^1.0.6",
        "is-number-object": "^1.0.3",
        "is-regex": "^1.0.3",
        "is-string": "^1.0.4",
        "is-symbol": "^1.0.1",
        "object.entries": "^1.0.4"
      }
    },
    "is-generator-function": {
      "version": "1.0.7",
      "resolved": "https://registry.npmjs.org/is-generator-function/-/is-generator-function-1.0.7.tgz",
      "integrity": "sha512-YZc5EwyO4f2kWCax7oegfuSr9mFz1ZvieNYBEjmukLxgXfBUbxAWGVF7GZf0zidYtoBl3WvC07YK0wT76a+Rtw=="
    },
    "is-number-object": {
      "version": "1.0.3",
      "resolved": "https://registry.npmjs.org/is-number-object/-/is-number-object-1.0.3.tgz",
      "integrity": "sha1-8mWrian0RQNO9q/xWo8AsA9VF5k="
    },
    "is-regex": {
      "version": "1.0.4",
      "resolved": "https://registry.npmjs.org/is-regex/-/is-regex-1.0.4.tgz",
      "integrity": "sha1-VRdIm1RwkbCTDglWVM7SXul+lJE=",
      "requires": {
        "has": "^1.0.1"
      }
    },
    "is-string": {
      "version": "1.0.4",
      "resolved": "https://registry.npmjs.org/is-string/-/is-string-1.0.4.tgz",
      "integrity": "sha1-zDqbaYV9Yh6WNyWiTK7shzuCbmQ="
    },
    "is-symbol": {
      "version": "1.0.2",
      "resolved": "https://registry.npmjs.org/is-symbol/-/is-symbol-1.0.2.tgz",
      "integrity": "sha512-HS8bZ9ox60yCJLH9snBpIwv9pYUAkcuLhSA1oero1UB5y9aiQpRA8y2ex945AOtCZL1lJDeIk3G5LthswI46Lw==",
      "requires": {
        "has-symbols": "^1.0.0"
      }
    },
    "isarray": {
      "version": "1.0.0",
      "resolved": "https://registry.npmjs.org/isarray/-/isarray-1.0.0.tgz",
      "integrity": "sha1-u5NdSFgsuhaMBoNJV6VKPgcSTxE="
    },
    "js-tokens": {
      "version": "4.0.0",
      "resolved": "https://registry.npmjs.org/js-tokens/-/js-tokens-4.0.0.tgz",
      "integrity": "sha512-RdJUflcE3cUzKiMqQgsCu06FPu9UdIJO0beYbPhHN4k6apgJtifcoCtT9bcxOpYBtpD2kCM6Sbzg4CausW/PKQ=="
    },
    "loose-envify": {
      "version": "1.4.0",
      "resolved": "https://registry.npmjs.org/loose-envify/-/loose-envify-1.4.0.tgz",
      "integrity": "sha512-lyuxPGr/Wfhrlem2CL/UcnUc1zcqKAImBDzukY7Y5F/yQiNdko6+fRLevlw1HgMySw7f611UIY408EtxRSoK3Q==",
      "requires": {
        "js-tokens": "^3.0.0 || ^4.0.0"
      }
    },
    "memoize-bind": {
      "version": "1.0.3",
      "resolved": "https://registry.npmjs.org/memoize-bind/-/memoize-bind-1.0.3.tgz",
      "integrity": "sha1-/kzl9KE/7dEZmBgic1qwiV3l5cc=",
      "requires": {
        "memoize-weak": "^1.0.0"
      }
    },
    "memoize-one": {
      "version": "5.1.1",
      "resolved": "https://registry.npmjs.org/memoize-one/-/memoize-one-5.1.1.tgz",
      "integrity": "sha512-HKeeBpWvqiVJD57ZUAsJNm71eHTykffzcLZVYWiVfQeI1rJtuEaS7hQiEpWfVVk18donPwJEcFKIkCmPJNOhHA=="
    },
    "memoize-weak": {
      "version": "1.0.2",
      "resolved": "https://registry.npmjs.org/memoize-weak/-/memoize-weak-1.0.2.tgz",
      "integrity": "sha1-0AFaTHxs/yJj27tJ2x3CBuu5SRY="
    },
    "mime": {
      "version": "1.6.0",
      "resolved": "https://registry.npmjs.org/mime/-/mime-1.6.0.tgz",
      "integrity": "sha512-x0Vn8spI+wuJ1O6S7gnbaQg8Pxh4NNHb7KSINmEWKiPE4RKOplvijn+NkmYmmRgP68mc70j2EbeTFRsrswaQeg=="
    },
    "minimatch": {
      "version": "3.0.4",
      "resolved": "https://registry.npmjs.org/minimatch/-/minimatch-3.0.4.tgz",
      "integrity": "sha512-yJHVQEhyqPLUTgt9B83PXu6W3rx4MvvHvSUvToogpwoGDOUQ+yDrR0HRot+yOCdCO7u4hX3pWft6kWBBcqh0UA==",
      "requires": {
        "brace-expansion": "^1.1.7"
      }
    },
    "minimist": {
      "version": "0.0.8",
      "resolved": "https://registry.npmjs.org/minimist/-/minimist-0.0.8.tgz",
      "integrity": "sha1-hX/Kv8M5fSYluCKCYuhqp6ARsF0="
    },
    "mkdirp": {
      "version": "0.5.1",
      "resolved": "https://registry.npmjs.org/mkdirp/-/mkdirp-0.5.1.tgz",
      "integrity": "sha1-MAV0OOrGz3+MR2fzhkjWaX11yQM=",
      "requires": {
        "minimist": "0.0.8"
      }
    },
    "moment": {
      "version": "2.24.0",
      "resolved": "https://registry.npmjs.org/moment/-/moment-2.24.0.tgz",
      "integrity": "sha512-bV7f+6l2QigeBBZSM/6yTNq4P2fNpSWj/0e7jQcy87A8e7o2nAfP/34/2ky5Vw4B9S446EtIhodAzkFCcR4dQg=="
    },
    "ms": {
      "version": "2.0.0",
      "resolved": "https://registry.npmjs.org/ms/-/ms-2.0.0.tgz",
      "integrity": "sha1-VgiurfwAvmwpAd9fmGF4jeDVl8g="
    },
    "object-assign": {
      "version": "4.1.1",
      "resolved": "https://registry.npmjs.org/object-assign/-/object-assign-4.1.1.tgz",
      "integrity": "sha1-IQmtx5ZYh8/AXLvUQsrIv7s2CGM="
    },
    "object-inspect": {
      "version": "1.6.0",
      "resolved": "https://registry.npmjs.org/object-inspect/-/object-inspect-1.6.0.tgz",
      "integrity": "sha512-GJzfBZ6DgDAmnuaM3104jR4s1Myxr3Y3zfIyN4z3UdqN69oSRacNK8UhnobDdC+7J2AHCjGwxQubNJfE70SXXQ=="
    },
    "object-keys": {
      "version": "1.1.1",
      "resolved": "https://registry.npmjs.org/object-keys/-/object-keys-1.1.1.tgz",
      "integrity": "sha512-NuAESUOUMrlIXOfHKzD6bpPu3tYt3xvjNdRIQ+FeT0lNb4K8WR70CaDxhuNguS2XG+GjkyMwOzsN5ZktImfhLA=="
    },
    "object.entries": {
      "version": "1.1.0",
      "resolved": "https://registry.npmjs.org/object.entries/-/object.entries-1.1.0.tgz",
      "integrity": "sha512-l+H6EQ8qzGRxbkHOd5I/aHRhHDKoQXQ8g0BYt4uSweQU1/J6dZUOyWh9a2Vky35YCKjzmgxOzta2hH6kf9HuXA==",
      "requires": {
        "define-properties": "^1.1.3",
        "es-abstract": "^1.12.0",
        "function-bind": "^1.1.1",
        "has": "^1.0.3"
      }
    },
    "once": {
      "version": "1.4.0",
      "resolved": "https://registry.npmjs.org/once/-/once-1.4.0.tgz",
      "integrity": "sha1-WDsap3WWHUsROsF9nFC6753Xa9E=",
      "requires": {
        "wrappy": "1"
      }
    },
    "path-is-absolute": {
      "version": "1.0.1",
      "resolved": "https://registry.npmjs.org/path-is-absolute/-/path-is-absolute-1.0.1.tgz",
      "integrity": "sha1-F0uSaHNVNP+8es5r9TpanhtcX18="
    },
    "pend": {
      "version": "1.2.0",
      "resolved": "https://registry.npmjs.org/pend/-/pend-1.2.0.tgz",
      "integrity": "sha1-elfrVQpng/kRUzH89GY9XI4AelA="
    },
    "popmotion": {
      "version": "9.0.0-beta-8",
      "resolved": "https://registry.npmjs.org/popmotion/-/popmotion-9.0.0-beta-8.tgz",
      "integrity": "sha512-6eQzqursPvnP7ePvdfPeY4wFHmS3OLzNP8rJRvmfFfEIfpFqrQgLsM50Gd9AOvGKJtYJOFknNG+dsnzCpgIdAA==",
      "requires": {
        "@popmotion/easing": "^1.0.1",
        "@popmotion/popcorn": "^0.4.2",
        "framesync": "^4.0.4",
        "hey-listen": "^1.0.8",
        "style-value-types": "^3.1.6",
        "tslib": "^1.10.0"
      }
    },
    "popper.js": {
      "version": "1.15.0",
      "resolved": "https://registry.npmjs.org/popper.js/-/popper.js-1.15.0.tgz",
      "integrity": "sha512-w010cY1oCUmI+9KwwlWki+r5jxKfTFDVoadl7MSrIujHU5MJ5OR6HTDj6Xo8aoR/QsA56x8jKjA59qGH4ELtrA=="
    },
    "process-nextick-args": {
      "version": "2.0.1",
      "resolved": "https://registry.npmjs.org/process-nextick-args/-/process-nextick-args-2.0.1.tgz",
      "integrity": "sha512-3ouUOpQhtgrbOa17J7+uxOTpITYWaGP7/AhoR3+A+/1e9skrzelGi/dXzEYyvbxubEF6Wn2ypscTKiKJFFn1ag=="
    },
    "progress": {
      "version": "2.0.3",
      "resolved": "https://registry.npmjs.org/progress/-/progress-2.0.3.tgz",
      "integrity": "sha512-7PiHtLll5LdnKIMw100I+8xJXR5gW2QwWYkT6iJva0bXitZKa/XMrSbdmg3r2Xnaidz9Qumd0VPaMrZlF9V9sA=="
    },
    "prop-types": {
      "version": "15.7.2",
      "resolved": "https://registry.npmjs.org/prop-types/-/prop-types-15.7.2.tgz",
      "integrity": "sha512-8QQikdH7//R2vurIJSutZ1smHYTcLpRWEOlHnzcWHmBYrOGUysKwSsrC89BCiFj3CbrfJ/nXFdJepOVrY1GCHQ==",
      "requires": {
        "loose-envify": "^1.4.0",
        "object-assign": "^4.1.1",
        "react-is": "^16.8.1"
      }
    },
    "proxy-from-env": {
      "version": "1.0.0",
      "resolved": "https://registry.npmjs.org/proxy-from-env/-/proxy-from-env-1.0.0.tgz",
      "integrity": "sha1-M8UDmPcOp+uW0h97gXYwpVeRx+4="
    },
    "puppeteer": {
      "version": "1.1.1",
      "resolved": "https://registry.npmjs.org/puppeteer/-/puppeteer-1.1.1.tgz",
      "integrity": "sha1-rb8l5J9e8DRDwQq44JqVTKDHv+4=",
      "requires": {
        "debug": "^2.6.8",
        "extract-zip": "^1.6.5",
        "https-proxy-agent": "^2.1.0",
        "mime": "^1.3.4",
        "progress": "^2.0.0",
        "proxy-from-env": "^1.0.0",
        "rimraf": "^2.6.1",
        "ws": "^3.0.0"
      }
    },
    "rdk": {
      "version": "1.0.9",
      "resolved": "https://registry.npmjs.org/rdk/-/rdk-1.0.9.tgz",
      "integrity": "sha512-98ZOU7qauEYIUW6abxnSwuHYo7DmvQVMOkH+bCp87+fLSur0PH/tSFqljMR+Mfcji8EbhoVCk9seFlgLsvuTqg==",
      "requires": {
        "classnames": "^2.2.6",
        "memoize-bind": "^1.0.3",
        "popper.js": "^1.15.0",
        "react-scrolllock": "^4.0.1",
        "react-transition-group": "^4.1.1"
      }
    },
    "react": {
      "version": "16.9.0",
      "resolved": "https://registry.npmjs.org/react/-/react-16.9.0.tgz",
      "integrity": "sha512-+7LQnFBwkiw+BobzOF6N//BdoNw0ouwmSJTEm9cglOOmsg/TMiFHZLe2sEoN5M7LgJTj9oHH0gxklfnQe66S1w==",
      "requires": {
        "loose-envify": "^1.1.0",
        "object-assign": "^4.1.1",
        "prop-types": "^15.6.2"
      }
    },
    "react-countup": {
      "version": "4.2.2",
      "resolved": "https://registry.npmjs.org/react-countup/-/react-countup-4.2.2.tgz",
      "integrity": "sha512-6mTJiXDt/x/K5odlKL2mAbQLYQLT9PyqmLcmLO6iCxeGy8yfcaRZTKw9BuzCR6qSHNsR6uzLAyJh6kjf0HvhcQ==",
      "requires": {
        "countup.js": "^1.9.3",
        "prop-types": "^15.6.2",
        "warning": "^4.0.2"
      }
    },
    "react-dom": {
      "version": "16.9.0",
      "resolved": "https://registry.npmjs.org/react-dom/-/react-dom-16.9.0.tgz",
      "integrity": "sha512-YFT2rxO9hM70ewk9jq0y6sQk8cL02xm4+IzYBz75CQGlClQQ1Bxq0nhHF6OtSbit+AIahujJgb/CPRibFkMNJQ==",
      "requires": {
        "loose-envify": "^1.1.0",
        "object-assign": "^4.1.1",
        "prop-types": "^15.6.2",
        "scheduler": "^0.15.0"
      }
    },
    "react-is": {
      "version": "16.9.0",
      "resolved": "https://registry.npmjs.org/react-is/-/react-is-16.9.0.tgz",
      "integrity": "sha512-tJBzzzIgnnRfEm046qRcURvwQnZVXmuCbscxUO5RWrGTXpon2d4c8mI0D8WE6ydVIm29JiLB6+RslkIvym9Rjw=="
    },
    "react-node-resolver": {
      "version": "2.0.1",
      "resolved": "https://registry.npmjs.org/react-node-resolver/-/react-node-resolver-2.0.1.tgz",
      "integrity": "sha512-+PPy/FtAAo5wsLQYMlHkxJ3AMUGL33gpEIx/HBzS8OrcIfacRhGaNVWUJ8bhEbc64en+/bbCNTVZR+pkhqXEbA=="
    },
    "react-scrolllock": {
      "version": "4.0.1",
      "resolved": "https://registry.npmjs.org/react-scrolllock/-/react-scrolllock-4.0.1.tgz",
      "integrity": "sha512-XWtRucd411402AfwnUyR0cZqN/beJy0NAygX92APzgeAhkHzpfWrsiakqKVIVqMNkgM8s2lIku/hzaFoTgw7Gw==",
      "requires": {
        "exenv": "^1.2.2",
        "react-node-resolver": "^2.0.1"
      }
    },
    "react-sizeme": {
      "version": "2.6.7",
      "resolved": "https://registry.npmjs.org/react-sizeme/-/react-sizeme-2.6.7.tgz",
      "integrity": "sha512-xCjPoBP5jmeW58TxIkcviMZqabZis7tTvDFWf0/Wa5XCgVWQTIe74NQBes2N1Kmp64GRLkpm60BaP0kk+v8aCQ==",
      "requires": {
        "element-resize-detector": "^1.1.15",
        "invariant": "^2.2.4",
        "shallowequal": "^1.1.0",
        "throttle-debounce": "^2.1.0"
      }
    },
    "react-transition-group": {
      "version": "4.3.0",
      "resolved": "https://registry.npmjs.org/react-transition-group/-/react-transition-group-4.3.0.tgz",
      "integrity": "sha512-1qRV1ZuVSdxPlPf4O8t7inxUGpdyO5zG9IoNfJxSO0ImU2A1YWkEQvFPuIPZmMLkg5hYs7vv5mMOyfgSkvAwvw==",
      "requires": {
        "@babel/runtime": "^7.5.5",
        "dom-helpers": "^5.0.1",
        "loose-envify": "^1.4.0",
        "prop-types": "^15.6.2"
      }
    },
    "readable-stream": {
      "version": "2.3.6",
      "resolved": "https://registry.npmjs.org/readable-stream/-/readable-stream-2.3.6.tgz",
      "integrity": "sha512-tQtKA9WIAhBF3+VLAseyMqZeBjW0AHJoxOtYqSUZNJxauErmLbVm2FW1y+J/YA9dUrAC39ITejlZWhVIwawkKw==",
      "requires": {
        "core-util-is": "~1.0.0",
        "inherits": "~2.0.3",
        "isarray": "~1.0.0",
        "process-nextick-args": "~2.0.0",
        "safe-buffer": "~5.1.1",
        "string_decoder": "~1.1.1",
        "util-deprecate": "~1.0.1"
      }
    },
    "reaviz": {
      "version": "4.0.0",
      "resolved": "https://registry.npmjs.org/reaviz/-/reaviz-4.0.0.tgz",
      "integrity": "sha512-j+xRz4KHRNbmRgATdg9lXM6pdglov/1fWct22G0x861nuGuxB8g86LoEmQfQj5Q0rSCuCMg9kDY6PWRIVuyIgQ==",
      "requires": {
        "big-integer": "^1.6.45",
        "calculate-size": "^1.1.1",
        "chroma-js": "^2.0.6",
        "classnames": "^2.2.6",
        "d3-array": "^2.3.1",
        "d3-format": "^1.4.1",
        "d3-geo": "^1.11.6",
        "d3-interpolate": "^1.3.2",
        "d3-sankey": "^0.12.3",
        "d3-scale": "^3.1.0",
        "d3-shape": "^1.3.5",
        "d3-time": "^1.0.11",
        "ellipsize": "^0.1.0",
        "framer-motion": "^1.6.7",
        "human-format": "^0.10.1",
        "is-equal": "^1.5.5",
        "memoize-bind": "^1.0.3",
        "memoize-one": "^5.1.1",
        "moment": "^2.24.0",
        "rdk": "^1.0.9",
        "react-countup": "^4.2.2",
        "react-sizeme": "^2.6.7",
        "react-transition-group": "^4.3.0",
        "topojson-client": "^3.0.1",
        "transformation-matrix": "^2.1.0",
        "world-atlas": "^2.0.2"
      }
    },
    "regenerator-runtime": {
      "version": "0.13.3",
      "resolved": "https://registry.npmjs.org/regenerator-runtime/-/regenerator-runtime-0.13.3.tgz",
      "integrity": "sha512-naKIZz2GQ8JWh///G7L3X6LaQUAMp2lvb1rvwwsURe/VXwD6VMfr+/1NuNw3ag8v2kY1aQ/go5SNn79O9JU7yw=="
    },
    "rimraf": {
      "version": "2.7.1",
      "resolved": "https://registry.npmjs.org/rimraf/-/rimraf-2.7.1.tgz",
      "integrity": "sha512-uWjbaKIK3T1OSVptzX7Nl6PvQ3qAGtKEtVRjRuazjfL3Bx5eI409VZSqgND+4UNnmzLVdPj9FqFJNPqBZFve4w==",
      "requires": {
        "glob": "^7.1.3"
      }
    },
    "safe-buffer": {
      "version": "5.1.2",
      "resolved": "https://registry.npmjs.org/safe-buffer/-/safe-buffer-5.1.2.tgz",
      "integrity": "sha512-Gd2UZBJDkXlY7GbJxfsE8/nvKkUEU1G38c1siN6QP6a9PT9MmHB8GnpscSmMJSoF8LOIrt8ud/wPtojys4G6+g=="
    },
    "scheduler": {
      "version": "0.15.0",
      "resolved": "https://registry.npmjs.org/scheduler/-/scheduler-0.15.0.tgz",
      "integrity": "sha512-xAefmSfN6jqAa7Kuq7LIJY0bwAPG3xlCj0HMEBQk1lxYiDKZscY2xJ5U/61ZTrYbmNQbXa+gc7czPkVo11tnCg==",
      "requires": {
        "loose-envify": "^1.1.0",
        "object-assign": "^4.1.1"
      }
    },
    "shallowequal": {
      "version": "1.1.0",
      "resolved": "https://registry.npmjs.org/shallowequal/-/shallowequal-1.1.0.tgz",
      "integrity": "sha512-y0m1JoUZSlPAjXVtPPW70aZWfIL/dSP7AFkRnniLCrK/8MDKog3TySTBmckD+RObVxH0v4Tox67+F14PdED2oQ=="
    },
    "string.prototype.trimleft": {
      "version": "2.1.0",
      "resolved": "https://registry.npmjs.org/string.prototype.trimleft/-/string.prototype.trimleft-2.1.0.tgz",
      "integrity": "sha512-FJ6b7EgdKxxbDxc79cOlok6Afd++TTs5szo+zJTUyow3ycrRfJVE2pq3vcN53XexvKZu/DJMDfeI/qMiZTrjTw==",
      "requires": {
        "define-properties": "^1.1.3",
        "function-bind": "^1.1.1"
      }
    },
    "string.prototype.trimright": {
      "version": "2.1.0",
      "resolved": "https://registry.npmjs.org/string.prototype.trimright/-/string.prototype.trimright-2.1.0.tgz",
      "integrity": "sha512-fXZTSV55dNBwv16uw+hh5jkghxSnc5oHq+5K/gXgizHwAvMetdAJlHqqoFC1FSDVPYWLkAKl2cxpUT41sV7nSg==",
      "requires": {
        "define-properties": "^1.1.3",
        "function-bind": "^1.1.1"
      }
    },
    "string_decoder": {
      "version": "1.1.1",
      "resolved": "https://registry.npmjs.org/string_decoder/-/string_decoder-1.1.1.tgz",
      "integrity": "sha512-n/ShnvDi6FHbbVfviro+WojiFzv+s8MPMHBczVePfUpDJLwoLT0ht1l4YwBCbi8pJAveEEdnkHyPyTP/mzRfwg==",
      "requires": {
        "safe-buffer": "~5.1.0"
      }
    },
    "style-value-types": {
      "version": "3.1.6",
      "resolved": "https://registry.npmjs.org/style-value-types/-/style-value-types-3.1.6.tgz",
      "integrity": "sha512-AxcfUr/06AHyyyxkNB1O8ypvwa8/qK+sxwelxEN5x+jxW+RXutRE2TuHEQbFq9OBY7ym83CPKvVIsGd6lvKb0Q==",
      "requires": {
        "hey-listen": "^1.0.8"
      }
    },
    "stylefire": {
      "version": "6.0.11",
      "resolved": "https://registry.npmjs.org/stylefire/-/stylefire-6.0.11.tgz",
      "integrity": "sha512-KR5BPENxMWo+fgeuCXvME8Xym80w4ztLUizNm5npfi24rf2WQis09Z6jP9RfG72H3shft3AmHKroHrNbsAFfZQ==",
      "requires": {
        "@popmotion/popcorn": "^0.4.2",
        "framesync": "^4.0.0",
        "hey-listen": "^1.0.8",
        "style-value-types": "^3.1.6"
      }
    },
    "svg-to-img": {
      "version": "2.0.9",
      "resolved": "https://registry.npmjs.org/svg-to-img/-/svg-to-img-2.0.9.tgz",
      "integrity": "sha512-FPQc7gPJq54d7cjD4vDahaXMIpZv4bk1AJOMuRtqylwdaszaAIFqgTLuP3lZFDGydAPW2okFzf3ZrwuOyRxNvw==",
      "requires": {
        "puppeteer": "1.1.1"
      }
    },
    "throttle-debounce": {
      "version": "2.1.0",
      "resolved": "https://registry.npmjs.org/throttle-debounce/-/throttle-debounce-2.1.0.tgz",
      "integrity": "sha512-AOvyNahXQuU7NN+VVvOOX+uW6FPaWdAOdRP5HfwYxAfCzXTFKRMoIMk+n+po318+ktcChx+F1Dd91G3YHeMKyg=="
    },
    "topojson-client": {
      "version": "3.0.1",
      "resolved": "https://registry.npmjs.org/topojson-client/-/topojson-client-3.0.1.tgz",
      "integrity": "sha512-rfGGzyqefpxOaxvV9OTF9t+1g+WhjGEbAIuCcmKYrQkxr0nttjMMyzZsK+NhLW4cTl2g1bz2jQczPUtEshpbVQ==",
      "requires": {
        "commander": "2"
      }
    },
    "transformation-matrix": {
      "version": "2.1.0",
      "resolved": "https://registry.npmjs.org/transformation-matrix/-/transformation-matrix-2.1.0.tgz",
      "integrity": "sha512-yVYlM73SwduIErgWKBCOr7cbQs6tovUHAtdYzhSv0ggnFR77heLJzz9Q0T6pH2Iip0xkmaBPuvagnQnSANhAWw=="
    },
    "tslib": {
      "version": "1.10.0",
      "resolved": "https://registry.npmjs.org/tslib/-/tslib-1.10.0.tgz",
      "integrity": "sha512-qOebF53frne81cf0S9B41ByenJ3/IuH8yJKngAX35CmiZySA0khhkovshKK+jGCaMnVomla7gVlIcc3EvKPbTQ=="
    },
    "typedarray": {
      "version": "0.0.6",
      "resolved": "https://registry.npmjs.org/typedarray/-/typedarray-0.0.6.tgz",
      "integrity": "sha1-hnrHTjhkGHsdPUfZlqeOxciDB3c="
    },
    "ultron": {
      "version": "1.1.1",
      "resolved": "https://registry.npmjs.org/ultron/-/ultron-1.1.1.tgz",
      "integrity": "sha512-UIEXBNeYmKptWH6z8ZnqTeS8fV74zG0/eRU9VGkpzz+LIJNs8W/zM/L+7ctCkRrgbNnnR0xxw4bKOr0cW0N0Og=="
    },
    "util-deprecate": {
      "version": "1.0.2",
      "resolved": "https://registry.npmjs.org/util-deprecate/-/util-deprecate-1.0.2.tgz",
      "integrity": "sha1-RQ1Nyfpw3nMnYvvS1KKJgUGaDM8="
    },
    "warning": {
      "version": "4.0.3",
      "resolved": "https://registry.npmjs.org/warning/-/warning-4.0.3.tgz",
      "integrity": "sha512-rpJyN222KWIvHJ/F53XSZv0Zl/accqHR8et1kpaMTD/fLCRxtV8iX8czMzY7sVZupTI3zcUTg8eycS2kNF9l6w==",
      "requires": {
        "loose-envify": "^1.0.0"
      }
    },
    "world-atlas": {
      "version": "2.0.2",
      "resolved": "https://registry.npmjs.org/world-atlas/-/world-atlas-2.0.2.tgz",
      "integrity": "sha512-IXfV0qwlKXpckz1FhwXVwKRjiIhOnWttOskm5CtxMsjgE/MXAYRHWJqgXOpM8IkcPBoXnyTU5lFHcYa5ChG0LQ=="
    },
    "wrappy": {
      "version": "1.0.2",
      "resolved": "https://registry.npmjs.org/wrappy/-/wrappy-1.0.2.tgz",
      "integrity": "sha1-tSQ9jz7BqjXxNkYFvA0QNuMKtp8="
    },
    "ws": {
      "version": "3.3.3",
      "resolved": "https://registry.npmjs.org/ws/-/ws-3.3.3.tgz",
      "integrity": "sha512-nnWLa/NwZSt4KQJu51MYlCcSQ5g7INpOrOMt4XV8j4dqTXdmlUmSHQ8/oLC069ckre0fRsgfvsKwbTdtKLCDkA==",
      "requires": {
        "async-limiter": "~1.0.0",
        "safe-buffer": "~5.1.0",
        "ultron": "~1.1.0"
      }
    },
    "yauzl": {
      "version": "2.4.1",
      "resolved": "https://registry.npmjs.org/yauzl/-/yauzl-2.4.1.tgz",
      "integrity": "sha1-lSj0QtqxsihOWLQ3m7GU4i4MQAU=",
      "requires": {
        "fd-slicer": "~1.0.1"
      }
    }
  }
}
